
Microsoft Visual Studio Solution File, Format Version 12.00
# Visual Studio Version 16
VisualStudioVersion = 16.0.29306.81
MinimumVisualStudioVersion = 10.0.40219.1
Project("{FAE04EC0-301F-11D3-BF4B-00C04F79EFBC}") = "QLBanSach", "QLBanSach.csproj", "{74EE3CC2-20A5-46F0-9066-FC9357E1613A}"
EndProject
Global
	GlobalSection(SolutionConfigurationPlatforms) = preSolution
		Debug|Any CPU = Debug|Any CPU
		Release|Any CPU = Release|Any CPU
	EndGlobalSection
	GlobalSection(ProjectConfigurationPlatforms) = postSolution
		{74EE3CC2-20A5-46F0-9066-FC9357E1613A}.Debug|Any CPU.ActiveCfg = Debug|Any CPU
		{74EE3CC2-20A5-46F0-9066-FC9357E1613A}.Debug|Any CPU.Build.0 = Debug|Any CPU
		{74EE3CC2-20A5-46F0-9066-FC9357E1613A}.Release|Any CPU.ActiveCfg = Release|Any CPU
		{74EE3CC2-20A5-46F0-9066-FC9357E1613A}.Release|Any CPU.Build.0 = Release|Any CPU
	EndGlobalSection
	GlobalSection(SolutionProperties) = preSolution
		HideSolutionNode = FALSE
	EndGlobalSection
	GlobalSection(ExtensibilityGlobals) = postSolution
		SolutionGuid = {4E397379-46A7-4BCC-ADC3-A195D0041CF0}
	EndGlobalSection
EndGlobal
